
Microsoft Visual Studio Solution File, Format Version 12.00
# Visual Studio Version 16
VisualStudioVersion = 16.0.28803.202
MinimumVisualStudioVersion = 10.0.40219.1
Project("{FAE04EC0-301F-11D3-BF4B-00C04F79EFBC}") = "material design", "material design\material design.csproj", "{BFA910EE-6ABD-4C4E-91F0-708252753B82}"
EndProject
Project("{54435603-DBB4-11D2-8724-00A0C9A8B90C}") = "ControlX", "ControlX\ControlX.vdproj", "{E934EC2A-A1A0-4B67-A2B2-FEDC4C81B20A}"
EndProject
Global
	GlobalSection(SolutionConfigurationPlatforms) = preSolution
		Debug|Any CPU = Debug|Any CPU
		Release|Any CPU = Release|Any CPU
	EndGlobalSection
	GlobalSection(ProjectConfigurationPlatforms) = postSolution
		{BFA910EE-6ABD-4C4E-91F0-708252753B82}.Debug|Any CPU.ActiveCfg = Debug|Any CPU
		{BFA910EE-6ABD-4C4E-91F0-708252753B82}.Debug|Any CPU.Build.0 = Debug|Any CPU
		{BFA910EE-6ABD-4C4E-91F0-708252753B82}.Release|Any CPU.ActiveCfg = Release|Any CPU
		{BFA910EE-6ABD-4C4E-91F0-708252753B82}.Release|Any CPU.Build.0 = Release|Any CPU
		{E934EC2A-A1A0-4B67-A2B2-FEDC4C81B20A}.Debug|Any CPU.ActiveCfg = Debug
		{E934EC2A-A1A0-4B67-A2B2-FEDC4C81B20A}.Release|Any CPU.ActiveCfg = Release
	EndGlobalSection
	GlobalSection(SolutionProperties) = preSolution
		HideSolutionNode = FALSE
	EndGlobalSection
	GlobalSection(ExtensibilityGlobals) = postSolution
		SolutionGuid = {975BFAEA-480E-461D-A637-360CC59CC168}
	EndGlobalSection
EndGlobal
